
Microsoft Visual Studio Solution File, Format Version 12.00
# Visual Studio Version 17
VisualStudioVersion = 17.11.35222.181
MinimumVisualStudioVersion = 10.0.40219.1
Project("{FAE04EC0-301F-11D3-BF4B-00C04F79EFBC}") = "JAM", "JAM.csproj", "{8DBA377E-84A7-4E0A-BF37-29C71C3FE4B6}"
EndProject
Global
	GlobalSection(SolutionConfigurationPlatforms) = preSolution
		Debug|Any CPU = Debug|Any CPU
		Release|Any CPU = Release|Any CPU
	EndGlobalSection
	GlobalSection(ProjectConfigurationPlatforms) = postSolution
		{8DBA377E-84A7-4E0A-BF37-29C71C3FE4B6}.Debug|Any CPU.ActiveCfg = Debug|Any CPU
		{8DBA377E-84A7-4E0A-BF37-29C71C3FE4B6}.Debug|Any CPU.Build.0 = Debug|Any CPU
		{8DBA377E-84A7-4E0A-BF37-29C71C3FE4B6}.Release|Any CPU.ActiveCfg = Release|Any CPU
		{8DBA377E-84A7-4E0A-BF37-29C71C3FE4B6}.Release|Any CPU.Build.0 = Release|Any CPU
	EndGlobalSection
	GlobalSection(SolutionProperties) = preSolution
		HideSolutionNode = FALSE
	EndGlobalSection
	GlobalSection(ExtensibilityGlobals) = postSolution
		SolutionGuid = {440EEC59-8C0A-4E98-B803-5CAD3E644E2F}
	EndGlobalSection
EndGlobal
